
Microsoft Visual Studio Solution File, Format Version 12.00
# Visual Studio Version 17
VisualStudioVersion = 17.2.32616.157
MinimumVisualStudioVersion = 10.0.40219.1
Project("{FAE04EC0-301F-11D3-BF4B-00C04F79EFBC}") = "Bowling-Kata", "Bowling-Kata\Bowling-Kata.csproj", "{D5E78B33-67B5-40CF-BCED-427C327BBF79}"
EndProject
Global
	GlobalSection(SolutionConfigurationPlatforms) = preSolution
		Debug|Any CPU = Debug|Any CPU
		Release|Any CPU = Release|Any CPU
	EndGlobalSection
	GlobalSection(ProjectConfigurationPlatforms) = postSolution
		{D5E78B33-67B5-40CF-BCED-427C327BBF79}.Debug|Any CPU.ActiveCfg = Debug|Any CPU
		{D5E78B33-67B5-40CF-BCED-427C327BBF79}.Debug|Any CPU.Build.0 = Debug|Any CPU
		{D5E78B33-67B5-40CF-BCED-427C327BBF79}.Release|Any CPU.ActiveCfg = Release|Any CPU
		{D5E78B33-67B5-40CF-BCED-427C327BBF79}.Release|Any CPU.Build.0 = Release|Any CPU
	EndGlobalSection
	GlobalSection(SolutionProperties) = preSolution
		HideSolutionNode = FALSE
	EndGlobalSection
	GlobalSection(ExtensibilityGlobals) = postSolution
		SolutionGuid = {C2D33A46-92EF-4E4B-AD0E-32324265CFDF}
	EndGlobalSection
EndGlobal
